
Microsoft Visual Studio Solution File, Format Version 12.00
# Visual Studio Version 17
VisualStudioVersion = 17.0.32014.148
MinimumVisualStudioVersion = 10.0.40219.1
Project("{9A19103F-16F7-4668-BE54-9A1E7A4F7556}") = "XCOM.Schema.Data", "XCOM.Schema.Data\XCOM.Schema.Data.csproj", "{E7C26E1C-798B-4EB0-804D-F95B299FB036}"
EndProject
Project("{9A19103F-16F7-4668-BE54-9A1E7A4F7556}") = "XCOM.Schema.Standard", "XCOM.Schema.Standard\XCOM.Schema.Standard.csproj", "{5898A5B2-7EE4-4E60-8ADB-2859E0B7B47D}"
EndProject
Project("{9A19103F-16F7-4668-BE54-9A1E7A4F7556}") = "XCOM.Schema.EDapper", "XCOM.Schema.EDapper\XCOM.Schema.EDapper.csproj", "{F1236C03-15A8-4BEB-8962-C32499300B5C}"
EndProject
Project("{9A19103F-16F7-4668-BE54-9A1E7A4F7556}") = "XCOM.Schema.XUnitProjectTest", "XCOM.Schema.XUnitProjectTest\XCOM.Schema.XUnitProjectTest.csproj", "{AD62B297-6B2C-468D-A5E3-F9D30DA651B1}"
EndProject
Project("{2150E333-8FDC-42A3-9474-1A3956D46DE8}") = "PresentationLayer", "PresentationLayer", "{20F80701-62C5-4661-A842-2F30F7D52422}"
EndProject
Project("{9A19103F-16F7-4668-BE54-9A1E7A4F7556}") = "CodeGeneration", "CodeGeneration\CodeGeneration.csproj", "{34219F7E-2B65-4804-8E58-305416771142}"
EndProject
Project("{9A19103F-16F7-4668-BE54-9A1E7A4F7556}") = "XCOM.Schema.Core", "XCOM.Schema.Core\XCOM.Schema.Core.csproj", "{4C39A9C4-5043-44ED-BCAC-5953B7C65C07}"
EndProject
Global
	GlobalSection(SolutionConfigurationPlatforms) = preSolution
		Debug|Any CPU = Debug|Any CPU
		Release|Any CPU = Release|Any CPU
	EndGlobalSection
	GlobalSection(ProjectConfigurationPlatforms) = postSolution
		{E7C26E1C-798B-4EB0-804D-F95B299FB036}.Debug|Any CPU.ActiveCfg = Debug|Any CPU
		{E7C26E1C-798B-4EB0-804D-F95B299FB036}.Debug|Any CPU.Build.0 = Debug|Any CPU
		{E7C26E1C-798B-4EB0-804D-F95B299FB036}.Release|Any CPU.ActiveCfg = Release|Any CPU
		{E7C26E1C-798B-4EB0-804D-F95B299FB036}.Release|Any CPU.Build.0 = Release|Any CPU
		{5898A5B2-7EE4-4E60-8ADB-2859E0B7B47D}.Debug|Any CPU.ActiveCfg = Debug|Any CPU
		{5898A5B2-7EE4-4E60-8ADB-2859E0B7B47D}.Debug|Any CPU.Build.0 = Debug|Any CPU
		{5898A5B2-7EE4-4E60-8ADB-2859E0B7B47D}.Release|Any CPU.ActiveCfg = Release|Any CPU
		{5898A5B2-7EE4-4E60-8ADB-2859E0B7B47D}.Release|Any CPU.Build.0 = Release|Any CPU
		{F1236C03-15A8-4BEB-8962-C32499300B5C}.Debug|Any CPU.ActiveCfg = Debug|Any CPU
		{F1236C03-15A8-4BEB-8962-C32499300B5C}.Debug|Any CPU.Build.0 = Debug|Any CPU
		{F1236C03-15A8-4BEB-8962-C32499300B5C}.Release|Any CPU.ActiveCfg = Release|Any CPU
		{F1236C03-15A8-4BEB-8962-C32499300B5C}.Release|Any CPU.Build.0 = Release|Any CPU
		{AD62B297-6B2C-468D-A5E3-F9D30DA651B1}.Debug|Any CPU.ActiveCfg = Debug|Any CPU
		{AD62B297-6B2C-468D-A5E3-F9D30DA651B1}.Debug|Any CPU.Build.0 = Debug|Any CPU
		{AD62B297-6B2C-468D-A5E3-F9D30DA651B1}.Release|Any CPU.ActiveCfg = Release|Any CPU
		{AD62B297-6B2C-468D-A5E3-F9D30DA651B1}.Release|Any CPU.Build.0 = Release|Any CPU
		{34219F7E-2B65-4804-8E58-305416771142}.Debug|Any CPU.ActiveCfg = Debug|Any CPU
		{34219F7E-2B65-4804-8E58-305416771142}.Debug|Any CPU.Build.0 = Debug|Any CPU
		{34219F7E-2B65-4804-8E58-305416771142}.Release|Any CPU.ActiveCfg = Release|Any CPU
		{34219F7E-2B65-4804-8E58-305416771142}.Release|Any CPU.Build.0 = Release|Any CPU
		{4C39A9C4-5043-44ED-BCAC-5953B7C65C07}.Debug|Any CPU.ActiveCfg = Debug|Any CPU
		{4C39A9C4-5043-44ED-BCAC-5953B7C65C07}.Debug|Any CPU.Build.0 = Debug|Any CPU
		{4C39A9C4-5043-44ED-BCAC-5953B7C65C07}.Release|Any CPU.ActiveCfg = Release|Any CPU
		{4C39A9C4-5043-44ED-BCAC-5953B7C65C07}.Release|Any CPU.Build.0 = Release|Any CPU
	EndGlobalSection
	GlobalSection(SolutionProperties) = preSolution
		HideSolutionNode = FALSE
	EndGlobalSection
	GlobalSection(NestedProjects) = preSolution
		{34219F7E-2B65-4804-8E58-305416771142} = {20F80701-62C5-4661-A842-2F30F7D52422}
	EndGlobalSection
	GlobalSection(ExtensibilityGlobals) = postSolution
		SolutionGuid = {8B835C49-2A1C-4CBF-B980-A0CA7D3A47B8}
	EndGlobalSection
EndGlobal
